
Microsoft Visual Studio Solution File, Format Version 12.00
# Visual Studio Version 16
VisualStudioVersion = 16.0.31515.178
MinimumVisualStudioVersion = 10.0.40219.1
Project("{FAE04EC0-301F-11D3-BF4B-00C04F79EFBC}") = "POSApplication", "POSApplication\POSApplication.csproj", "{B0D8D2CB-1375-40EA-99DA-5C6CCFE683C7}"
EndProject
Project("{FAE04EC0-301F-11D3-BF4B-00C04F79EFBC}") = "POSService", "POSService\POSService.csproj", "{48AFF62F-31B6-41FC-919A-935345A8538F}"
EndProject
Project("{FAE04EC0-301F-11D3-BF4B-00C04F79EFBC}") = "POSDataModel", "POSDataModel\POSDataModel.csproj", "{CC0CAE11-EEAA-4711-B8BA-46DF4D6776E6}"
EndProject
Global
	GlobalSection(SolutionConfigurationPlatforms) = preSolution
		Debug|Any CPU = Debug|Any CPU
		Release|Any CPU = Release|Any CPU
	EndGlobalSection
	GlobalSection(ProjectConfigurationPlatforms) = postSolution
		{B0D8D2CB-1375-40EA-99DA-5C6CCFE683C7}.Debug|Any CPU.ActiveCfg = Debug|Any CPU
		{B0D8D2CB-1375-40EA-99DA-5C6CCFE683C7}.Debug|Any CPU.Build.0 = Debug|Any CPU
		{B0D8D2CB-1375-40EA-99DA-5C6CCFE683C7}.Release|Any CPU.ActiveCfg = Release|Any CPU
		{B0D8D2CB-1375-40EA-99DA-5C6CCFE683C7}.Release|Any CPU.Build.0 = Release|Any CPU
		{48AFF62F-31B6-41FC-919A-935345A8538F}.Debug|Any CPU.ActiveCfg = Debug|Any CPU
		{48AFF62F-31B6-41FC-919A-935345A8538F}.Debug|Any CPU.Build.0 = Debug|Any CPU
		{48AFF62F-31B6-41FC-919A-935345A8538F}.Release|Any CPU.ActiveCfg = Release|Any CPU
		{48AFF62F-31B6-41FC-919A-935345A8538F}.Release|Any CPU.Build.0 = Release|Any CPU
		{CC0CAE11-EEAA-4711-B8BA-46DF4D6776E6}.Debug|Any CPU.ActiveCfg = Debug|Any CPU
		{CC0CAE11-EEAA-4711-B8BA-46DF4D6776E6}.Debug|Any CPU.Build.0 = Debug|Any CPU
		{CC0CAE11-EEAA-4711-B8BA-46DF4D6776E6}.Release|Any CPU.ActiveCfg = Release|Any CPU
		{CC0CAE11-EEAA-4711-B8BA-46DF4D6776E6}.Release|Any CPU.Build.0 = Release|Any CPU
	EndGlobalSection
	GlobalSection(SolutionProperties) = preSolution
		HideSolutionNode = FALSE
	EndGlobalSection
	GlobalSection(ExtensibilityGlobals) = postSolution
		SolutionGuid = {2AA181B2-D120-476C-9E90-00378FD89D16}
	EndGlobalSection
EndGlobal
